// !$*UTF8*$!
{
	archiveVersion = 1;
	classes = {
	};
	objectVersion = 46;
	objects = {

/* Begin PBXBuildFile section */
		0B77E3031845997600BD430F /* Foundation.framework in Frameworks */ = {isa = PBXBuildFile; fileRef = 0B77E3021845997600BD430F /* Foundation.framework */; };
		0B77E3051845997600BD430F /* CoreGraphics.framework in Frameworks */ = {isa = PBXBuildFile; fileRef = 0B77E3041845997600BD430F /* CoreGraphics.framework */; };
		0B77E3071845997600BD430F /* UIKit.framework in Frameworks */ = {isa = PBXBuildFile; fileRef = 0B77E3061845997600BD430F /* UIKit.framework */; };
		0B77E30D1845997600BD430F /* InfoPlist.strings in Resources */ = {isa = PBXBuildFile; fileRef = 0B77E30B1845997600BD430F /* InfoPlist.strings */; };
		0B77E30F1845997600BD430F /* main.m in Sources */ = {isa = PBXBuildFile; fileRef = 0B77E30E1845997600BD430F /* main.m */; };
		0B77E3131845997600BD430F /* AFAppDelegate.m in Sources */ = {isa = PBXBuildFile; fileRef = 0B77E3121845997600BD430F /* AFAppDelegate.m */; };
		0B77E3151845997600BD430F /* Images.xcassets in Resources */ = {isa = PBXBuildFile; fileRef = 0B77E3141845997600BD430F /* Images.xcassets */; };
		0B77E31C1845997700BD430F /* XCTest.framework in Frameworks */ = {isa = PBXBuildFile; fileRef = 0B77E31B1845997700BD430F /* XCTest.framework */; };
		0B77E31D1845997700BD430F /* Foundation.framework in Frameworks */ = {isa = PBXBuildFile; fileRef = 0B77E3021845997600BD430F /* Foundation.framework */; };
		0B77E31E1845997700BD430F /* UIKit.framework in Frameworks */ = {isa = PBXBuildFile; fileRef = 0B77E3061845997600BD430F /* UIKit.framework */; };
		0B77E3261845997700BD430F /* InfoPlist.strings in Resources */ = {isa = PBXBuildFile; fileRef = 0B77E3241845997700BD430F /* InfoPlist.strings */; };
		0B77E3281845997700BD430F /* AFNetworkingJSONTests.m in Sources */ = {isa = PBXBuildFile; fileRef = 0B77E3271845997700BD430F /* AFNetworkingJSONTests.m */; };
		0B77E3341845999C00BD430F /* ProductViewController.m in Sources */ = {isa = PBXBuildFile; fileRef = 0B77E3321845999C00BD430F /* ProductViewController.m */; };
		0B77E3351845999C00BD430F /* ProductViewController.xib in Resources */ = {isa = PBXBuildFile; fileRef = 0B77E3331845999C00BD430F /* ProductViewController.xib */; };
		0B77E338184599B400BD430F /* ProductCell.m in Sources */ = {isa = PBXBuildFile; fileRef = 0B77E337184599B400BD430F /* ProductCell.m */; };
		0B77E33A184599C900BD430F /* ProductCell.xib in Resources */ = {isa = PBXBuildFile; fileRef = 0B77E339184599C900BD430F /* ProductCell.xib */; };
		0B77E34F18459DC300BD430F /* AFHTTPRequestOperation.m in Sources */ = {isa = PBXBuildFile; fileRef = 0B77E33D18459DC300BD430F /* AFHTTPRequestOperation.m */; };
		0B77E35018459DC300BD430F /* AFHTTPRequestOperationManager.m in Sources */ = {isa = PBXBuildFile; fileRef = 0B77E33F18459DC300BD430F /* AFHTTPRequestOperationManager.m */; };
		0B77E35118459DC300BD430F /* AFHTTPSessionManager.m in Sources */ = {isa = PBXBuildFile; fileRef = 0B77E34118459DC300BD430F /* AFHTTPSessionManager.m */; };
		0B77E35218459DC300BD430F /* AFNetworkReachabilityManager.m in Sources */ = {isa = PBXBuildFile; fileRef = 0B77E34418459DC300BD430F /* AFNetworkReachabilityManager.m */; };
		0B77E35318459DC300BD430F /* AFSecurityPolicy.m in Sources */ = {isa = PBXBuildFile; fileRef = 0B77E34618459DC300BD430F /* AFSecurityPolicy.m */; };
		0B77E35418459DC300BD430F /* AFURLConnectionOperation.m in Sources */ = {isa = PBXBuildFile; fileRef = 0B77E34818459DC300BD430F /* AFURLConnectionOperation.m */; };
		0B77E35518459DC300BD430F /* AFURLRequestSerialization.m in Sources */ = {isa = PBXBuildFile; fileRef = 0B77E34A18459DC300BD430F /* AFURLRequestSerialization.m */; };
		0B77E35618459DC300BD430F /* AFURLResponseSerialization.m in Sources */ = {isa = PBXBuildFile; fileRef = 0B77E34C18459DC300BD430F /* AFURLResponseSerialization.m */; };
		0B77E35718459DC300BD430F /* AFURLSessionManager.m in Sources */ = {isa = PBXBuildFile; fileRef = 0B77E34E18459DC300BD430F /* AFURLSessionManager.m */; };
		0B77E35A1845A62B00BD430F /* Product.m in Sources */ = {isa = PBXBuildFile; fileRef = 0B77E3591845A62B00BD430F /* Product.m */; };
		0B77E35D1845A80E00BD430F /* ProductImage.m in Sources */ = {isa = PBXBuildFile; fileRef = 0B77E35C1845A80E00BD430F /* ProductImage.m */; };
		0B77E3631845C18800BD430F /* UIImageView+AFNetworking.m in Sources */ = {isa = PBXBuildFile; fileRef = 0B77E3621845C18800BD430F /* UIImageView+AFNetworking.m */; };
		0B77E36A1845D0DD00BD430F /* CategoryViewController.m in Sources */ = {isa = PBXBuildFile; fileRef = 0B77E3681845D0DD00BD430F /* CategoryViewController.m */; };
		0B77E36B1845D0DD00BD430F /* CategoryViewController.xib in Resources */ = {isa = PBXBuildFile; fileRef = 0B77E3691845D0DD00BD430F /* CategoryViewController.xib */; };
		0B77E36E1845D15200BD430F /* CategoryCell.m in Sources */ = {isa = PBXBuildFile; fileRef = 0B77E36D1845D15200BD430F /* CategoryCell.m */; };
		0B77E3701845D16400BD430F /* CategoryCell.xib in Resources */ = {isa = PBXBuildFile; fileRef = 0B77E36F1845D16400BD430F /* CategoryCell.xib */; };
		0B77E3731845D49E00BD430F /* ShopCategory.m in Sources */ = {isa = PBXBuildFile; fileRef = 0B77E3721845D49E00BD430F /* ShopCategory.m */; };
		0B77E3771845E71400BD430F /* ImageFullScreenViewController.m in Sources */ = {isa = PBXBuildFile; fileRef = 0B77E3751845E71400BD430F /* ImageFullScreenViewController.m */; };
		0B77E3781845E71400BD430F /* ImageFullScreenViewController.xib in Resources */ = {isa = PBXBuildFile; fileRef = 0B77E3761845E71400BD430F /* ImageFullScreenViewController.xib */; };
		0BB064DA18473ED700B02BAC /* AMBlurView.m in Sources */ = {isa = PBXBuildFile; fileRef = 0BB064D518473ED700B02BAC /* AMBlurView.m */; };
		0BB064DB18473ED700B02BAC /* MYBlurIntroductionView.m in Sources */ = {isa = PBXBuildFile; fileRef = 0BB064D718473ED700B02BAC /* MYBlurIntroductionView.m */; };
		0BB064DC18473ED700B02BAC /* MYIntroductionPanel.m in Sources */ = {isa = PBXBuildFile; fileRef = 0BB064D918473ED700B02BAC /* MYIntroductionPanel.m */; };
		0BB064DE18473FF800B02BAC /* jk.png in Resources */ = {isa = PBXBuildFile; fileRef = 0BB064DD18473FF800B02BAC /* jk.png */; };
		0BB064E21847458400B02BAC /* ODRefreshControl.m in Sources */ = {isa = PBXBuildFile; fileRef = 0BB064E11847458400B02BAC /* ODRefreshControl.m */; };
		0BB064E418474A5300B02BAC /* moon.jpg in Resources */ = {isa = PBXBuildFile; fileRef = 0BB064E318474A5300B02BAC /* moon.jpg */; };
/* End PBXBuildFile section */

/* Begin PBXContainerItemProxy section */
		0B77E31F1845997700BD430F /* PBXContainerItemProxy */ = {
			isa = PBXContainerItemProxy;
			containerPortal = 0B77E2F71845997600BD430F /* Project object */;
			proxyType = 1;
			remoteGlobalIDString = 0B77E2FE1845997600BD430F;
			remoteInfo = AFNetworkingJSON;
		};
/* End PBXContainerItemProxy section */

/* Begin PBXFileReference section */
		0B77E2FF1845997600BD430F /* AFNetworkingJSON.app */ = {isa = PBXFileReference; explicitFileType = wrapper.application; includeInIndex = 0; path = AFNetworkingJSON.app; sourceTree = BUILT_PRODUCTS_DIR; };
		0B77E3021845997600BD430F /* Foundation.framework */ = {isa = PBXFileReference; lastKnownFileType = wrapper.framework; name = Foundation.framework; path = System/Library/Frameworks/Foundation.framework; sourceTree = SDKROOT; };
		0B77E3041845997600BD430F /* CoreGraphics.framework */ = {isa = PBXFileReference; lastKnownFileType = wrapper.framework; name = CoreGraphics.framework; path = System/Library/Frameworks/CoreGraphics.framework; sourceTree = SDKROOT; };
		0B77E3061845997600BD430F /* UIKit.framework */ = {isa = PBXFileReference; lastKnownFileType = wrapper.framework; name = UIKit.framework; path = System/Library/Frameworks/UIKit.framework; sourceTree = SDKROOT; };
		0B77E30A1845997600BD430F /* AFNetworkingJSON-Info.plist */ = {isa = PBXFileReference; lastKnownFileType = text.plist.xml; path = "AFNetworkingJSON-Info.plist"; sourceTree = "<group>"; };
		0B77E30C1845997600BD430F /* en */ = {isa = PBXFileReference; lastKnownFileType = text.plist.strings; name = en; path = en.lproj/InfoPlist.strings; sourceTree = "<group>"; };
		0B77E30E1845997600BD430F /* main.m */ = {isa = PBXFileReference; lastKnownFileType = sourcecode.c.objc; path = main.m; sourceTree = "<group>"; };
		0B77E3101845997600BD430F /* AFNetworkingJSON-Prefix.pch */ = {isa = PBXFileReference; lastKnownFileType = sourcecode.c.h; path = "AFNetworkingJSON-Prefix.pch"; sourceTree = "<group>"; };
		0B77E3111845997600BD430F /* AFAppDelegate.h */ = {isa = PBXFileReference; lastKnownFileType = sourcecode.c.h; path = AFAppDelegate.h; sourceTree = "<group>"; };
		0B77E3121845997600BD430F /* AFAppDelegate.m */ = {isa = PBXFileReference; lastKnownFileType = sourcecode.c.objc; path = AFAppDelegate.m; sourceTree = "<group>"; };
		0B77E3141845997600BD430F /* Images.xcassets */ = {isa = PBXFileReference; lastKnownFileType = folder.assetcatalog; path = Images.xcassets; sourceTree = "<group>"; };
		0B77E31A1845997700BD430F /* AFNetworkingJSONTests.xctest */ = {isa = PBXFileReference; explicitFileType = wrapper.cfbundle; includeInIndex = 0; path = AFNetworkingJSONTests.xctest; sourceTree = BUILT_PRODUCTS_DIR; };
		0B77E31B1845997700BD430F /* XCTest.framework */ = {isa = PBXFileReference; lastKnownFileType = wrapper.framework; name = XCTest.framework; path = Library/Frameworks/XCTest.framework; sourceTree = DEVELOPER_DIR; };
		0B77E3231845997700BD430F /* AFNetworkingJSONTests-Info.plist */ = {isa = PBXFileReference; lastKnownFileType = text.plist.xml; path = "AFNetworkingJSONTests-Info.plist"; sourceTree = "<group>"; };
		0B77E3251845997700BD430F /* en */ = {isa = PBXFileReference; lastKnownFileType = text.plist.strings; name = en; path = en.lproj/InfoPlist.strings; sourceTree = "<group>"; };
		0B77E3271845997700BD430F /* AFNetworkingJSONTests.m */ = {isa = PBXFileReference; lastKnownFileType = sourcecode.c.objc; path = AFNetworkingJSONTests.m; sourceTree = "<group>"; };
		0B77E3311845999C00BD430F /* ProductViewController.h */ = {isa = PBXFileReference; fileEncoding = 4; lastKnownFileType = sourcecode.c.h; path = ProductViewController.h; sourceTree = "<group>"; };
		0B77E3321845999C00BD430F /* ProductViewController.m */ = {isa = PBXFileReference; fileEncoding = 4; lastKnownFileType = sourcecode.c.objc; path = ProductViewController.m; sourceTree = "<group>"; };
		0B77E3331845999C00BD430F /* ProductViewController.xib */ = {isa = PBXFileReference; fileEncoding = 4; lastKnownFileType = file.xib; path = ProductViewController.xib; sourceTree = "<group>"; };
		0B77E336184599B400BD430F /* ProductCell.h */ = {isa = PBXFileReference; fileEncoding = 4; lastKnownFileType = sourcecode.c.h; path = ProductCell.h; sourceTree = "<group>"; };
		0B77E337184599B400BD430F /* ProductCell.m */ = {isa = PBXFileReference; fileEncoding = 4; lastKnownFileType = sourcecode.c.objc; path = ProductCell.m; sourceTree = "<group>"; };
		0B77E339184599C900BD430F /* ProductCell.xib */ = {isa = PBXFileReference; fileEncoding = 4; lastKnownFileType = file.xib; path = ProductCell.xib; sourceTree = "<group>"; };
		0B77E33C18459DC300BD430F /* AFHTTPRequestOperation.h */ = {isa = PBXFileReference; fileEncoding = 4; lastKnownFileType = sourcecode.c.h; path = AFHTTPRequestOperation.h; sourceTree = "<group>"; };
		0B77E33D18459DC300BD430F /* AFHTTPRequestOperation.m */ = {isa = PBXFileReference; fileEncoding = 4; lastKnownFileType = sourcecode.c.objc; path = AFHTTPRequestOperation.m; sourceTree = "<group>"; };
		0B77E33E18459DC300BD430F /* AFHTTPRequestOperationManager.h */ = {isa = PBXFileReference; fileEncoding = 4; lastKnownFileType = sourcecode.c.h; path = AFHTTPRequestOperationManager.h; sourceTree = "<group>"; };
		0B77E33F18459DC300BD430F /* AFHTTPRequestOperationManager.m */ = {isa = PBXFileReference; fileEncoding = 4; lastKnownFileType = sourcecode.c.objc; path = AFHTTPRequestOperationManager.m; sourceTree = "<group>"; };
		0B77E34018459DC300BD430F /* AFHTTPSessionManager.h */ = {isa = PBXFileReference; fileEncoding = 4; lastKnownFileType = sourcecode.c.h; path = AFHTTPSessionManager.h; sourceTree = "<group>"; };
		0B77E34118459DC300BD430F /* AFHTTPSessionManager.m */ = {isa = PBXFileReference; fileEncoding = 4; lastKnownFileType = sourcecode.c.objc; path = AFHTTPSessionManager.m; sourceTree = "<group>"; };
		0B77E34218459DC300BD430F /* AFNetworking.h */ = {isa = PBXFileReference; fileEncoding = 4; lastKnownFileType = sourcecode.c.h; path = AFNetworking.h; sourceTree = "<group>"; };
		0B77E34318459DC300BD430F /* AFNetworkReachabilityManager.h */ = {isa = PBXFileReference; fileEncoding = 4; lastKnownFileType = sourcecode.c.h; path = AFNetworkReachabilityManager.h; sourceTree = "<group>"; };
		0B77E34418459DC300BD430F /* AFNetworkReachabilityManager.m */ = {isa = PBXFileReference; fileEncoding = 4; lastKnownFileType = sourcecode.c.objc; path = AFNetworkReachabilityManager.m; sourceTree = "<group>"; };
		0B77E34518459DC300BD430F /* AFSecurityPolicy.h */ = {isa = PBXFileReference; fileEncoding = 4; lastKnownFileType = sourcecode.c.h; path = AFSecurityPolicy.h; sourceTree = "<group>"; };
		0B77E34618459DC300BD430F /* AFSecurityPolicy.m */ = {isa = PBXFileReference; fileEncoding = 4; lastKnownFileType = sourcecode.c.objc; path = AFSecurityPolicy.m; sourceTree = "<group>"; };
		0B77E34718459DC300BD430F /* AFURLConnectionOperation.h */ = {isa = PBXFileReference; fileEncoding = 4; lastKnownFileType = sourcecode.c.h; path = AFURLConnectionOperation.h; sourceTree = "<group>"; };
		0B77E34818459DC300BD430F /* AFURLConnectionOperation.m */ = {isa = PBXFileReference; fileEncoding = 4; lastKnownFileType = sourcecode.c.objc; path = AFURLConnectionOperation.m; sourceTree = "<group>"; };
		0B77E34918459DC300BD430F /* AFURLRequestSerialization.h */ = {isa = PBXFileReference; fileEncoding = 4; lastKnownFileType = sourcecode.c.h; path = AFURLRequestSerialization.h; sourceTree = "<group>"; };
		0B77E34A18459DC300BD430F /* AFURLRequestSerialization.m */ = {isa = PBXFileReference; fileEncoding = 4; lastKnownFileType = sourcecode.c.objc; path = AFURLRequestSerialization.m; sourceTree = "<group>"; };
		0B77E34B18459DC300BD430F /* AFURLResponseSerialization.h */ = {isa = PBXFileReference; fileEncoding = 4; lastKnownFileType = sourcecode.c.h; path = AFURLResponseSerialization.h; sourceTree = "<group>"; };
		0B77E34C18459DC300BD430F /* AFURLResponseSerialization.m */ = {isa = PBXFileReference; fileEncoding = 4; lastKnownFileType = sourcecode.c.objc; path = AFURLResponseSerialization.m; sourceTree = "<group>"; };
		0B77E34D18459DC300BD430F /* AFURLSessionManager.h */ = {isa = PBXFileReference; fileEncoding = 4; lastKnownFileType = sourcecode.c.h; path = AFURLSessionManager.h; sourceTree = "<group>"; };
		0B77E34E18459DC300BD430F /* AFURLSessionManager.m */ = {isa = PBXFileReference; fileEncoding = 4; lastKnownFileType = sourcecode.c.objc; path = AFURLSessionManager.m; sourceTree = "<group>"; };
		0B77E3581845A62B00BD430F /* Product.h */ = {isa = PBXFileReference; fileEncoding = 4; lastKnownFileType = sourcecode.c.h; path = Product.h; sourceTree = "<group>"; };
		0B77E3591845A62B00BD430F /* Product.m */ = {isa = PBXFileReference; fileEncoding = 4; lastKnownFileType = sourcecode.c.objc; path = Product.m; sourceTree = "<group>"; };
		0B77E35B1845A80E00BD430F /* ProductImage.h */ = {isa = PBXFileReference; fileEncoding = 4; lastKnownFileType = sourcecode.c.h; path = ProductImage.h; sourceTree = "<group>"; };
		0B77E35C1845A80E00BD430F /* ProductImage.m */ = {isa = PBXFileReference; fileEncoding = 4; lastKnownFileType = sourcecode.c.objc; path = ProductImage.m; sourceTree = "<group>"; };
		0B77E3611845C18800BD430F /* UIImageView+AFNetworking.h */ = {isa = PBXFileReference; fileEncoding = 4; lastKnownFileType = sourcecode.c.h; path = "UIImageView+AFNetworking.h"; sourceTree = "<group>"; };
		0B77E3621845C18800BD430F /* UIImageView+AFNetworking.m */ = {isa = PBXFileReference; fileEncoding = 4; lastKnownFileType = sourcecode.c.objc; path = "UIImageView+AFNetworking.m"; sourceTree = "<group>"; };
		0B77E3671845D0DD00BD430F /* CategoryViewController.h */ = {isa = PBXFileReference; fileEncoding = 4; lastKnownFileType = sourcecode.c.h; path = CategoryViewController.h; sourceTree = "<group>"; };
		0B77E3681845D0DD00BD430F /* CategoryViewController.m */ = {isa = PBXFileReference; fileEncoding = 4; lastKnownFileType = sourcecode.c.objc; path = CategoryViewController.m; sourceTree = "<group>"; };
		0B77E3691845D0DD00BD430F /* CategoryViewController.xib */ = {isa = PBXFileReference; fileEncoding = 4; lastKnownFileType = file.xib; path = CategoryViewController.xib; sourceTree = "<group>"; };
		0B77E36C1845D15200BD430F /* CategoryCell.h */ = {isa = PBXFileReference; fileEncoding = 4; lastKnownFileType = sourcecode.c.h; path = CategoryCell.h; sourceTree = "<group>"; };
		0B77E36D1845D15200BD430F /* CategoryCell.m */ = {isa = PBXFileReference; fileEncoding = 4; lastKnownFileType = sourcecode.c.objc; path = CategoryCell.m; sourceTree = "<group>"; };
		0B77E36F1845D16400BD430F /* CategoryCell.xib */ = {isa = PBXFileReference; fileEncoding = 4; lastKnownFileType = file.xib; path = CategoryCell.xib; sourceTree = "<group>"; };
		0B77E3711845D49E00BD430F /* ShopCategory.h */ = {isa = PBXFileReference; fileEncoding = 4; lastKnownFileType = sourcecode.c.h; path = ShopCategory.h; sourceTree = "<group>"; };
		0B77E3721845D49E00BD430F /* ShopCategory.m */ = {isa = PBXFileReference; fileEncoding = 4; lastKnownFileType = sourcecode.c.objc; path = ShopCategory.m; sourceTree = "<group>"; };
		0B77E3741845E71400BD430F /* ImageFullScreenViewController.h */ = {isa = PBXFileReference; fileEncoding = 4; lastKnownFileType = sourcecode.c.h; path = ImageFullScreenViewController.h; sourceTree = "<group>"; };
		0B77E3751845E71400BD430F /* ImageFullScreenViewController.m */ = {isa = PBXFileReference; fileEncoding = 4; lastKnownFileType = sourcecode.c.objc; path = ImageFullScreenViewController.m; sourceTree = "<group>"; };
		0B77E3761845E71400BD430F /* ImageFullScreenViewController.xib */ = {isa = PBXFileReference; fileEncoding = 4; lastKnownFileType = file.xib; path = ImageFullScreenViewController.xib; sourceTree = "<group>"; };
		0BB064D418473ED700B02BAC /* AMBlurView.h */ = {isa = PBXFileReference; fileEncoding = 4; lastKnownFileType = sourcecode.c.h; path = AMBlurView.h; sourceTree = "<group>"; };
		0BB064D518473ED700B02BAC /* AMBlurView.m */ = {isa = PBXFileReference; fileEncoding = 4; lastKnownFileType = sourcecode.c.objc; path = AMBlurView.m; sourceTree = "<group>"; };
		0BB064D618473ED700B02BAC /* MYBlurIntroductionView.h */ = {isa = PBXFileReference; fileEncoding = 4; lastKnownFileType = sourcecode.c.h; path = MYBlurIntroductionView.h; sourceTree = "<group>"; };
		0BB064D718473ED700B02BAC /* MYBlurIntroductionView.m */ = {isa = PBXFileReference; fileEncoding = 4; lastKnownFileType = sourcecode.c.objc; path = MYBlurIntroductionView.m; sourceTree = "<group>"; };
		0BB064D818473ED700B02BAC /* MYIntroductionPanel.h */ = {isa = PBXFileReference; fileEncoding = 4; lastKnownFileType = sourcecode.c.h; path = MYIntroductionPanel.h; sourceTree = "<group>"; };
		0BB064D918473ED700B02BAC /* MYIntroductionPanel.m */ = {isa = PBXFileReference; fileEncoding = 4; lastKnownFileType = sourcecode.c.objc; path = MYIntroductionPanel.m; sourceTree = "<group>"; };
		0BB064DD18473FF800B02BAC /* jk.png */ = {isa = PBXFileReference; lastKnownFileType = image.png; name = jk.png; path = ../../../../Downloads/jk.png; sourceTree = "<group>"; };
		0BB064E01847458400B02BAC /* ODRefreshControl.h */ = {isa = PBXFileReference; fileEncoding = 4; lastKnownFileType = sourcecode.c.h; path = ODRefreshControl.h; sourceTree = "<group>"; };
		0BB064E11847458400B02BAC /* ODRefreshControl.m */ = {isa = PBXFileReference; fileEncoding = 4; lastKnownFileType = sourcecode.c.objc; path = ODRefreshControl.m; sourceTree = "<group>"; };
		0BB064E318474A5300B02BAC /* moon.jpg */ = {isa = PBXFileReference; lastKnownFileType = image.jpeg; path = moon.jpg; sourceTree = "<group>"; };
/* End PBXFileReference section */

/* Begin PBXFrameworksBuildPhase section */
		0B77E2FC1845997600BD430F /* Frameworks */ = {
			isa = PBXFrameworksBuildPhase;
			buildActionMask = 2147483647;
			files = (
				0B77E3051845997600BD430F /* CoreGraphics.framework in Frameworks */,
				0B77E3071845997600BD430F /* UIKit.framework in Frameworks */,
				0B77E3031845997600BD430F /* Foundation.framework in Frameworks */,
			);
			runOnlyForDeploymentPostprocessing = 0;
		};
		0B77E3171845997700BD430F /* Frameworks */ = {
			isa = PBXFrameworksBuildPhase;
			buildActionMask = 2147483647;
			files = (
				0B77E31C1845997700BD430F /* XCTest.framework in Frameworks */,
				0B77E31E1845997700BD430F /* UIKit.framework in Frameworks */,
				0B77E31D1845997700BD430F /* Foundation.framework in Frameworks */,
			);
			runOnlyForDeploymentPostprocessing = 0;
		};
/* End PBXFrameworksBuildPhase section */

/* Begin PBXGroup section */
		0B77E2F61845997600BD430F = {
			isa = PBXGroup;
			children = (
				0BB064DF1847458400B02BAC /* ODRefreshControl */,
				0BB064D318473ED700B02BAC /* MYBlurIntroductionView */,
				0B77E33B18459DC300BD430F /* AFNetworking */,
				0B77E3081845997600BD430F /* AFNetworkingJSON */,
				0B77E3211845997700BD430F /* AFNetworkingJSONTests */,
				0B77E3011845997600BD430F /* Frameworks */,
				0B77E3001845997600BD430F /* Products */,
			);
			sourceTree = "<group>";
		};
		0B77E3001845997600BD430F /* Products */ = {
			isa = PBXGroup;
			children = (
				0B77E2FF1845997600BD430F /* AFNetworkingJSON.app */,
				0B77E31A1845997700BD430F /* AFNetworkingJSONTests.xctest */,
			);
			name = Products;
			sourceTree = "<group>";
		};
		0B77E3011845997600BD430F /* Frameworks */ = {
			isa = PBXGroup;
			children = (
				0B77E3021845997600BD430F /* Foundation.framework */,
				0B77E3041845997600BD430F /* CoreGraphics.framework */,
				0B77E3061845997600BD430F /* UIKit.framework */,
				0B77E31B1845997700BD430F /* XCTest.framework */,
			);
			name = Frameworks;
			sourceTree = "<group>";
		};
		0B77E3081845997600BD430F /* AFNetworkingJSON */ = {
			isa = PBXGroup;
			children = (
				0B77E3111845997600BD430F /* AFAppDelegate.h */,
				0B77E3121845997600BD430F /* AFAppDelegate.m */,
				0B77E3671845D0DD00BD430F /* CategoryViewController.h */,
				0B77E3681845D0DD00BD430F /* CategoryViewController.m */,
				0B77E3691845D0DD00BD430F /* CategoryViewController.xib */,
				0B77E3711845D49E00BD430F /* ShopCategory.h */,
				0B77E3721845D49E00BD430F /* ShopCategory.m */,
				0B77E36C1845D15200BD430F /* CategoryCell.h */,
				0B77E36D1845D15200BD430F /* CategoryCell.m */,
				0B77E36F1845D16400BD430F /* CategoryCell.xib */,
				0B77E3311845999C00BD430F /* ProductViewController.h */,
				0B77E3321845999C00BD430F /* ProductViewController.m */,
				0B77E3331845999C00BD430F /* ProductViewController.xib */,
				0B77E3581845A62B00BD430F /* Product.h */,
				0B77E3591845A62B00BD430F /* Product.m */,
				0B77E35B1845A80E00BD430F /* ProductImage.h */,
				0B77E35C1845A80E00BD430F /* ProductImage.m */,
				0B77E336184599B400BD430F /* ProductCell.h */,
				0B77E337184599B400BD430F /* ProductCell.m */,
				0B77E339184599C900BD430F /* ProductCell.xib */,
				0B77E3741845E71400BD430F /* ImageFullScreenViewController.h */,
				0B77E3751845E71400BD430F /* ImageFullScreenViewController.m */,
				0B77E3761845E71400BD430F /* ImageFullScreenViewController.xib */,
				0B77E3141845997600BD430F /* Images.xcassets */,
				0BB064DD18473FF800B02BAC /* jk.png */,
				0BB064E318474A5300B02BAC /* moon.jpg */,
				0B77E3091845997600BD430F /* Supporting Files */,
			);
			path = AFNetworkingJSON;
			sourceTree = "<group>";
		};
		0B77E3091845997600BD430F /* Supporting Files */ = {
			isa = PBXGroup;
			children = (
				0B77E30A1845997600BD430F /* AFNetworkingJSON-Info.plist */,
				0B77E30B1845997600BD430F /* InfoPlist.strings */,
				0B77E30E1845997600BD430F /* main.m */,
				0B77E3101845997600BD430F /* AFNetworkingJSON-Prefix.pch */,
			);
			name = "Supporting Files";
			sourceTree = "<group>";
		};
		0B77E3211845997700BD430F /* AFNetworkingJSONTests */ = {
			isa = PBXGroup;
			children = (
				0B77E3271845997700BD430F /* AFNetworkingJSONTests.m */,
				0B77E3221845997700BD430F /* Supporting Files */,
			);
			path = AFNetworkingJSONTests;
			sourceTree = "<group>";
		};
		0B77E3221845997700BD430F /* Supporting Files */ = {
			isa = PBXGroup;
			children = (
				0B77E3231845997700BD430F /* AFNetworkingJSONTests-Info.plist */,
				0B77E3241845997700BD430F /* InfoPlist.strings */,
			);
			name = "Supporting Files";
			sourceTree = "<group>";
		};
		0B77E33B18459DC300BD430F /* AFNetworking */ = {
			isa = PBXGroup;
			children = (
				0B77E3611845C18800BD430F /* UIImageView+AFNetworking.h */,
				0B77E3621845C18800BD430F /* UIImageView+AFNetworking.m */,
				0B77E33C18459DC300BD430F /* AFHTTPRequestOperation.h */,
				0B77E33D18459DC300BD430F /* AFHTTPRequestOperation.m */,
				0B77E33E18459DC300BD430F /* AFHTTPRequestOperationManager.h */,
				0B77E33F18459DC300BD430F /* AFHTTPRequestOperationManager.m */,
				0B77E34018459DC300BD430F /* AFHTTPSessionManager.h */,
				0B77E34118459DC300BD430F /* AFHTTPSessionManager.m */,
				0B77E34218459DC300BD430F /* AFNetworking.h */,
				0B77E34318459DC300BD430F /* AFNetworkReachabilityManager.h */,
				0B77E34418459DC300BD430F /* AFNetworkReachabilityManager.m */,
				0B77E34518459DC300BD430F /* AFSecurityPolicy.h */,
				0B77E34618459DC300BD430F /* AFSecurityPolicy.m */,
				0B77E34718459DC300BD430F /* AFURLConnectionOperation.h */,
				0B77E34818459DC300BD430F /* AFURLConnectionOperation.m */,
				0B77E34918459DC300BD430F /* AFURLRequestSerialization.h */,
				0B77E34A18459DC300BD430F /* AFURLRequestSerialization.m */,
				0B77E34B18459DC300BD430F /* AFURLResponseSerialization.h */,
				0B77E34C18459DC300BD430F /* AFURLResponseSerialization.m */,
				0B77E34D18459DC300BD430F /* AFURLSessionManager.h */,
				0B77E34E18459DC300BD430F /* AFURLSessionManager.m */,
			);
			path = AFNetworking;
			sourceTree = "<group>";
		};
		0BB064D318473ED700B02BAC /* MYBlurIntroductionView */ = {
			isa = PBXGroup;
			children = (
				0BB064D418473ED700B02BAC /* AMBlurView.h */,
				0BB064D518473ED700B02BAC /* AMBlurView.m */,
				0BB064D618473ED700B02BAC /* MYBlurIntroductionView.h */,
				0BB064D718473ED700B02BAC /* MYBlurIntroductionView.m */,
				0BB064D818473ED700B02BAC /* MYIntroductionPanel.h */,
				0BB064D918473ED700B02BAC /* MYIntroductionPanel.m */,
			);
			path = MYBlurIntroductionView;
			sourceTree = "<group>";
		};
		0BB064DF1847458400B02BAC /* ODRefreshControl */ = {
			isa = PBXGroup;
			children = (
				0BB064E01847458400B02BAC /* ODRefreshControl.h */,
				0BB064E11847458400B02BAC /* ODRefreshControl.m */,
			);
			path = ODRefreshControl;
			sourceTree = "<group>";
		};
/* End PBXGroup section */

/* Begin PBXNativeTarget section */
		0B77E2FE1845997600BD430F /* AFNetworkingJSON */ = {
			isa = PBXNativeTarget;
			buildConfigurationList = 0B77E32B1845997700BD430F /* Build configuration list for PBXNativeTarget "AFNetworkingJSON" */;
			buildPhases = (
				0B77E2FB1845997600BD430F /* Sources */,
				0B77E2FC1845997600BD430F /* Frameworks */,
				0B77E2FD1845997600BD430F /* Resources */,
			);
			buildRules = (
			);
			dependencies = (
			);
			name = AFNetworkingJSON;
			productName = AFNetworkingJSON;
			productReference = 0B77E2FF1845997600BD430F /* AFNetworkingJSON.app */;
			productType = "com.apple.product-type.application";
		};
		0B77E3191845997700BD430F /* AFNetworkingJSONTests */ = {
			isa = PBXNativeTarget;
			buildConfigurationList = 0B77E32E1845997700BD430F /* Build configuration list for PBXNativeTarget "AFNetworkingJSONTests" */;
			buildPhases = (
				0B77E3161845997700BD430F /* Sources */,
				0B77E3171845997700BD430F /* Frameworks */,
				0B77E3181845997700BD430F /* Resources */,
			);
			buildRules = (
			);
			dependencies = (
				0B77E3201845997700BD430F /* PBXTargetDependency */,
			);
			name = AFNetworkingJSONTests;
			productName = AFNetworkingJSONTests;
			productReference = 0B77E31A1845997700BD430F /* AFNetworkingJSONTests.xctest */;
			productType = "com.apple.product-type.bundle.unit-test";
		};
/* End PBXNativeTarget section */

/* Begin PBXProject section */
		0B77E2F71845997600BD430F /* Project object */ = {
			isa = PBXProject;
			attributes = {
				CLASSPREFIX = AF;
				LastUpgradeCheck = 0500;
				ORGANIZATIONNAME = "Toan Slan";
				TargetAttributes = {
					0B77E3191845997700BD430F = {
						TestTargetID = 0B77E2FE1845997600BD430F;
					};
				};
			};
			buildConfigurationList = 0B77E2FA1845997600BD430F /* Build configuration list for PBXProject "AFNetworkingJSON" */;
			compatibilityVersion = "Xcode 3.2";
			developmentRegion = English;
			hasScannedForEncodings = 0;
			knownRegions = (
				en,
			);
			mainGroup = 0B77E2F61845997600BD430F;
			productRefGroup = 0B77E3001845997600BD430F /* Products */;
			projectDirPath = "";
			projectRoot = "";
			targets = (
				0B77E2FE1845997600BD430F /* AFNetworkingJSON */,
				0B77E3191845997700BD430F /* AFNetworkingJSONTests */,
			);
		};
/* End PBXProject section */

/* Begin PBXResourcesBuildPhase section */
		0B77E2FD1845997600BD430F /* Resources */ = {
			isa = PBXResourcesBuildPhase;
			buildActionMask = 2147483647;
			files = (
				0B77E30D1845997600BD430F /* InfoPlist.strings in Resources */,
				0B77E3701845D16400BD430F /* CategoryCell.xib in Resources */,
				0B77E33A184599C900BD430F /* ProductCell.xib in Resources */,
				0B77E3781845E71400BD430F /* ImageFullScreenViewController.xib in Resources */,
				0B77E3351845999C00BD430F /* ProductViewController.xib in Resources */,
				0BB064E418474A5300B02BAC /* moon.jpg in Resources */,
				0B77E36B1845D0DD00BD430F /* CategoryViewController.xib in Resources */,
				0BB064DE18473FF800B02BAC /* jk.png in Resources */,
				0B77E3151845997600BD430F /* Images.xcassets in Resources */,
			);
			runOnlyForDeploymentPostprocessing = 0;
		};
		0B77E3181845997700BD430F /* Resources */ = {
			isa = PBXResourcesBuildPhase;
			buildActionMask = 2147483647;
			files = (
				0B77E3261845997700BD430F /* InfoPlist.strings in Resources */,
			);
			runOnlyForDeploymentPostprocessing = 0;
		};
/* End PBXResourcesBuildPhase section */

/* Begin PBXSourcesBuildPhase section */
		0B77E2FB1845997600BD430F /* Sources */ = {
			isa = PBXSourcesBuildPhase;
			buildActionMask = 2147483647;
			files = (
				0B77E3341845999C00BD430F /* ProductViewController.m in Sources */,
				0B77E35318459DC300BD430F /* AFSecurityPolicy.m in Sources */,
				0B77E35D1845A80E00BD430F /* ProductImage.m in Sources */,
				0B77E338184599B400BD430F /* ProductCell.m in Sources */,
				0B77E36A1845D0DD00BD430F /* CategoryViewController.m in Sources */,
				0B77E35018459DC300BD430F /* AFHTTPRequestOperationManager.m in Sources */,
				0B77E35418459DC300BD430F /* AFURLConnectionOperation.m in Sources */,
				0BB064DB18473ED700B02BAC /* MYBlurIntroductionView.m in Sources */,
				0B77E3731845D49E00BD430F /* ShopCategory.m in Sources */,
				0B77E36E1845D15200BD430F /* CategoryCell.m in Sources */,
				0B77E34F18459DC300BD430F /* AFHTTPRequestOperation.m in Sources */,
				0B77E30F1845997600BD430F /* main.m in Sources */,
				0BB064DC18473ED700B02BAC /* MYIntroductionPanel.m in Sources */,
				0B77E35A1845A62B00BD430F /* Product.m in Sources */,
				0B77E35518459DC300BD430F /* AFURLRequestSerialization.m in Sources */,
				0BB064DA18473ED700B02BAC /* AMBlurView.m in Sources */,
				0BB064E21847458400B02BAC /* ODRefreshControl.m in Sources */,
				0B77E35118459DC300BD430F /* AFHTTPSessionManager.m in Sources */,
				0B77E3631845C18800BD430F /* UIImageView+AFNetworking.m in Sources */,
				0B77E35218459DC300BD430F /* AFNetworkReachabilityManager.m in Sources */,
				0B77E35618459DC300BD430F /* AFURLResponseSerialization.m in Sources */,
				0B77E35718459DC300BD430F /* AFURLSessionManager.m in Sources */,
				0B77E3131845997600BD430F /* AFAppDelegate.m in Sources */,
				0B77E3771845E71400BD430F /* ImageFullScreenViewController.m in Sources */,
			);
			runOnlyForDeploymentPostprocessing = 0;
		};
		0B77E3161845997700BD430F /* Sources */ = {
			isa = PBXSourcesBuildPhase;
			buildActionMask = 2147483647;
			files = (
				0B77E3281845997700BD430F /* AFNetworkingJSONTests.m in Sources */,
			);
			runOnlyForDeploymentPostprocessing = 0;
		};
/* End PBXSourcesBuildPhase section */

/* Begin PBXTargetDependency section */
		0B77E3201845997700BD430F /* PBXTargetDependency */ = {
			isa = PBXTargetDependency;
			target = 0B77E2FE1845997600BD430F /* AFNetworkingJSON */;
			targetProxy = 0B77E31F1845997700BD430F /* PBXContainerItemProxy */;
		};
/* End PBXTargetDependency section */

/* Begin PBXVariantGroup section */
		0B77E30B1845997600BD430F /* InfoPlist.strings */ = {
			isa = PBXVariantGroup;
			children = (
				0B77E30C1845997600BD430F /* en */,
			);
			name = InfoPlist.strings;
			sourceTree = "<group>";
		};
		0B77E3241845997700BD430F /* InfoPlist.strings */ = {
			isa = PBXVariantGroup;
			children = (
				0B77E3251845997700BD430F /* en */,
			);
			name = InfoPlist.strings;
			sourceTree = "<group>";
		};
/* End PBXVariantGroup section */

/* Begin XCBuildConfiguration section */
		0B77E3291845997700BD430F /* Debug */ = {
			isa = XCBuildConfiguration;
			buildSettings = {
				ALWAYS_SEARCH_USER_PATHS = NO;
				ARCHS = "$(ARCHS_STANDARD_INCLUDING_64_BIT)";
				CLANG_CXX_LANGUAGE_STANDARD = "gnu++0x";
				CLANG_CXX_LIBRARY = "libc++";
				CLANG_ENABLE_MODULES = YES;
				CLANG_ENABLE_OBJC_ARC = YES;
				CLANG_WARN_BOOL_CONVERSION = YES;
				CLANG_WARN_CONSTANT_CONVERSION = YES;
				CLANG_WARN_DIRECT_OBJC_ISA_USAGE = YES_ERROR;
				CLANG_WARN_EMPTY_BODY = YES;
				CLANG_WARN_ENUM_CONVERSION = YES;
				CLANG_WARN_INT_CONVERSION = YES;
				CLANG_WARN_OBJC_ROOT_CLASS = YES_ERROR;
				CLANG_WARN__DUPLICATE_METHOD_MATCH = YES;
				"CODE_SIGN_IDENTITY[sdk=iphoneos*]" = "iPhone Developer";
				COPY_PHASE_STRIP = NO;
				GCC_C_LANGUAGE_STANDARD = gnu99;
				GCC_DYNAMIC_NO_PIC = NO;
				GCC_OPTIMIZATION_LEVEL = 0;
				GCC_PREPROCESSOR_DEFINITIONS = (
					"DEBUG=1",
					"$(inherited)",
				);
				GCC_SYMBOLS_PRIVATE_EXTERN = NO;
				GCC_WARN_64_TO_32_BIT_CONVERSION = YES;
				GCC_WARN_ABOUT_RETURN_TYPE = YES_ERROR;
				GCC_WARN_UNDECLARED_SELECTOR = YES;
				GCC_WARN_UNINITIALIZED_AUTOS = YES;
				GCC_WARN_UNUSED_FUNCTION = YES;
				GCC_WARN_UNUSED_VARIABLE = YES;
				IPHONEOS_DEPLOYMENT_TARGET = 7.0;
				ONLY_ACTIVE_ARCH = YES;
				SDKROOT = iphoneos;
			};
			name = Debug;
		};
		0B77E32A1845997700BD430F /* Release */ = {
			isa = XCBuildConfiguration;
			buildSettings = {
				ALWAYS_SEARCH_USER_PATHS = NO;
				ARCHS = "$(ARCHS_STANDARD_INCLUDING_64_BIT)";
				CLANG_CXX_LANGUAGE_STANDARD = "gnu++0x";
				CLANG_CXX_LIBRARY = "libc++";
				CLANG_ENABLE_MODULES = YES;
				CLANG_ENABLE_OBJC_ARC = YES;
				CLANG_WARN_BOOL_CONVERSION = YES;
				CLANG_WARN_CONSTANT_CONVERSION = YES;
				CLANG_WARN_DIRECT_OBJC_ISA_USAGE = YES_ERROR;
				CLANG_WARN_EMPTY_BODY = YES;
				CLANG_WARN_ENUM_CONVERSION = YES;
				CLANG_WARN_INT_CONVERSION = YES;
				CLANG_WARN_OBJC_ROOT_CLASS = YES_ERROR;
				CLANG_WARN__DUPLICATE_METHOD_MATCH = YES;
				"CODE_SIGN_IDENTITY[sdk=iphoneos*]" = "iPhone Developer";
				COPY_PHASE_STRIP = YES;
				ENABLE_NS_ASSERTIONS = NO;
				GCC_C_LANGUAGE_STANDARD = gnu99;
				GCC_WARN_64_TO_32_BIT_CONVERSION = YES;
				GCC_WARN_ABOUT_RETURN_TYPE = YES_ERROR;
				GCC_WARN_UNDECLARED_SELECTOR = YES;
				GCC_WARN_UNINITIALIZED_AUTOS = YES;
				GCC_WARN_UNUSED_FUNCTION = YES;
				GCC_WARN_UNUSED_VARIABLE = YES;
				IPHONEOS_DEPLOYMENT_TARGET = 7.0;
				SDKROOT = iphoneos;
				VALIDATE_PRODUCT = YES;
			};
			name = Release;
		};
		0B77E32C1845997700BD430F /* Debug */ = {
			isa = XCBuildConfiguration;
			buildSettings = {
				ASSETCATALOG_COMPILER_APPICON_NAME = AppIcon;
				ASSETCATALOG_COMPILER_LAUNCHIMAGE_NAME = LaunchImage;
				GCC_PRECOMPILE_PREFIX_HEADER = YES;
				GCC_PREFIX_HEADER = "AFNetworkingJSON/AFNetworkingJSON-Prefix.pch";
				INFOPLIST_FILE = "AFNetworkingJSON/AFNetworkingJSON-Info.plist";
				PRODUCT_NAME = "$(TARGET_NAME)";
				WRAPPER_EXTENSION = app;
			};
			name = Debug;
		};
		0B77E32D1845997700BD430F /* Release */ = {
			isa = XCBuildConfiguration;
			buildSettings = {
				ASSETCATALOG_COMPILER_APPICON_NAME = AppIcon;
				ASSETCATALOG_COMPILER_LAUNCHIMAGE_NAME = LaunchImage;
				GCC_PRECOMPILE_PREFIX_HEADER = YES;
				GCC_PREFIX_HEADER = "AFNetworkingJSON/AFNetworkingJSON-Prefix.pch";
				INFOPLIST_FILE = "AFNetworkingJSON/AFNetworkingJSON-Info.plist";
				PRODUCT_NAME = "$(TARGET_NAME)";
				WRAPPER_EXTENSION = app;
			};
			name = Release;
		};
		0B77E32F1845997700BD430F /* Debug */ = {
			isa = XCBuildConfiguration;
			buildSettings = {
				ARCHS = "$(ARCHS_STANDARD_INCLUDING_64_BIT)";
				BUNDLE_LOADER = "$(BUILT_PRODUCTS_DIR)/AFNetworkingJSON.app/AFNetworkingJSON";
				FRAMEWORK_SEARCH_PATHS = (
					"$(SDKROOT)/Developer/Library/Frameworks",
					"$(inherited)",
					"$(DEVELOPER_FRAMEWORKS_DIR)",
				);
				GCC_PRECOMPILE_PREFIX_HEADER = YES;
				GCC_PREFIX_HEADER = "AFNetworkingJSON/AFNetworkingJSON-Prefix.pch";
				GCC_PREPROCESSOR_DEFINITIONS = (
					"DEBUG=1",
					"$(inherited)",
				);
				INFOPLIST_FILE = "AFNetworkingJSONTests/AFNetworkingJSONTests-Info.plist";
				PRODUCT_NAME = "$(TARGET_NAME)";
				TEST_HOST = "$(BUNDLE_LOADER)";
				WRAPPER_EXTENSION = xctest;
			};
			name = Debug;
		};
		0B77E3301845997700BD430F /* Release */ = {
			isa = XCBuildConfiguration;
			buildSettings = {
				ARCHS = "$(ARCHS_STANDARD_INCLUDING_64_BIT)";
				BUNDLE_LOADER = "$(BUILT_PRODUCTS_DIR)/AFNetworkingJSON.app/AFNetworkingJSON";
				FRAMEWORK_SEARCH_PATHS = (
					"$(SDKROOT)/Developer/Library/Frameworks",
					"$(inherited)",
					"$(DEVELOPER_FRAMEWORKS_DIR)",
				);
				GCC_PRECOMPILE_PREFIX_HEADER = YES;
				GCC_PREFIX_HEADER = "AFNetworkingJSON/AFNetworkingJSON-Prefix.pch";
				INFOPLIST_FILE = "AFNetworkingJSONTests/AFNetworkingJSONTests-Info.plist";
				PRODUCT_NAME = "$(TARGET_NAME)";
				TEST_HOST = "$(BUNDLE_LOADER)";
				WRAPPER_EXTENSION = xctest;
			};
			name = Release;
		};
/* End XCBuildConfiguration section */

/* Begin XCConfigurationList section */
		0B77E2FA1845997600BD430F /* Build configuration list for PBXProject "AFNetworkingJSON" */ = {
			isa = XCConfigurationList;
			buildConfigurations = (
				0B77E3291845997700BD430F /* Debug */,
				0B77E32A1845997700BD430F /* Release */,
			);
			defaultConfigurationIsVisible = 0;
			defaultConfigurationName = Release;
		};
		0B77E32B1845997700BD430F /* Build configuration list for PBXNativeTarget "AFNetworkingJSON" */ = {
			isa = XCConfigurationList;
			buildConfigurations = (
				0B77E32C1845997700BD430F /* Debug */,
				0B77E32D1845997700BD430F /* Release */,
			);
			defaultConfigurationIsVisible = 0;
			defaultConfigurationName = Release;
		};
		0B77E32E1845997700BD430F /* Build configuration list for PBXNativeTarget "AFNetworkingJSONTests" */ = {
			isa = XCConfigurationList;
			buildConfigurations = (
				0B77E32F1845997700BD430F /* Debug */,
				0B77E3301845997700BD430F /* Release */,
			);
			defaultConfigurationIsVisible = 0;
			defaultConfigurationName = Release;
		};
/* End XCConfigurationList section */
	};
	rootObject = 0B77E2F71845997600BD430F /* Project object */;
}
